# This file is automatically @generated by Cargo.
# It is not intended for manual editing.
[[package]]
name = "truncrate"
version = "0.1.2"
dependencies = [
 "unicode-segmentation 0.1.3 (registry+https://github.com/rust-lang/crates.io-index)",
]

[[package]]
name = "unicode-segmentation"
version = "0.1.3"
source = "registry+https://github.com/rust-lang/crates.io-index"

[metadata]
"checksum unicode-segmentation 0.1.3 (registry+https://github.com/rust-lang/crates.io-index)" = "c3bc443ded17b11305ffffe6b37e2076f328a5a8cb6aa877b1b98f77699e98b5"
